
Microsoft Visual Studio Solution File, Format Version 12.00
# Visual Studio Version 16
VisualStudioVersion = 16.0.31911.196
MinimumVisualStudioVersion = 10.0.40219.1
Project("{FAE04EC0-301F-11D3-BF4B-00C04F79EFBC}") = "EmlakUygulaması", "EmlakUygulaması\EmlakUygulaması.csproj", "{DCA32251-1625-47D4-B427-8D0AE628FEBC}"
EndProject
Global
	GlobalSection(SolutionConfigurationPlatforms) = preSolution
		Debug|Any CPU = Debug|Any CPU
		Release|Any CPU = Release|Any CPU
	EndGlobalSection
	GlobalSection(ProjectConfigurationPlatforms) = postSolution
		{DCA32251-1625-47D4-B427-8D0AE628FEBC}.Debug|Any CPU.ActiveCfg = Debug|Any CPU
		{DCA32251-1625-47D4-B427-8D0AE628FEBC}.Debug|Any CPU.Build.0 = Debug|Any CPU
		{DCA32251-1625-47D4-B427-8D0AE628FEBC}.Release|Any CPU.ActiveCfg = Release|Any CPU
		{DCA32251-1625-47D4-B427-8D0AE628FEBC}.Release|Any CPU.Build.0 = Release|Any CPU
	EndGlobalSection
	GlobalSection(SolutionProperties) = preSolution
		HideSolutionNode = FALSE
	EndGlobalSection
	GlobalSection(ExtensibilityGlobals) = postSolution
		SolutionGuid = {0C470590-6F92-4B70-9230-DAA797B0AC59}
	EndGlobalSection
EndGlobal
